
Microsoft Visual Studio Solution File, Format Version 12.00
Project("{FAE04EC0-301F-11D3-BF4B-00C04F79EFBC}") = "strava-analysis", "strava-analysis\strava-analysis.csproj", "{1B94B908-21FF-49BB-93FC-226B6EFE1620}"
EndProject
Global
	GlobalSection(SolutionConfigurationPlatforms) = preSolution
		Debug|Any CPU = Debug|Any CPU
		Release|Any CPU = Release|Any CPU
	EndGlobalSection
	GlobalSection(ProjectConfigurationPlatforms) = postSolution
		{1B94B908-21FF-49BB-93FC-226B6EFE1620}.Debug|Any CPU.ActiveCfg = Debug|Any CPU
		{1B94B908-21FF-49BB-93FC-226B6EFE1620}.Debug|Any CPU.Build.0 = Debug|Any CPU
		{1B94B908-21FF-49BB-93FC-226B6EFE1620}.Release|Any CPU.ActiveCfg = Release|Any CPU
		{1B94B908-21FF-49BB-93FC-226B6EFE1620}.Release|Any CPU.Build.0 = Release|Any CPU
	EndGlobalSection
EndGlobal
